
Microsoft Visual Studio Solution File, Format Version 12.00
# Visual Studio Version 17
VisualStudioVersion = 17.12.35707.178 d17.12
MinimumVisualStudioVersion = 10.0.40219.1
Project("{FAE04EC0-301F-11D3-BF4B-00C04F79EFBC}") = "HotelBooking", "HotelBooking\HotelBooking.csproj", "{1FA826B7-E6AC-441E-AEEB-824914CA0D1E}"
	ProjectSection(ProjectDependencies) = postProject
		{B7676A3E-FE01-4C0E-B2D6-B1AACE135CF2} = {B7676A3E-FE01-4C0E-B2D6-B1AACE135CF2}
	EndProjectSection
EndProject
Project("{FAE04EC0-301F-11D3-BF4B-00C04F79EFBC}") = "Infraestructure", "Infraestructure\Infraestructure.csproj", "{07193CF0-D63B-4458-9AED-82A8964F0BC5}"
	ProjectSection(ProjectDependencies) = postProject
		{91ECBA26-15F7-4488-BEA4-A9244DB4A583} = {91ECBA26-15F7-4488-BEA4-A9244DB4A583}
	EndProjectSection
EndProject
Project("{FAE04EC0-301F-11D3-BF4B-00C04F79EFBC}") = "Domain", "Domain\Domain.csproj", "{91ECBA26-15F7-4488-BEA4-A9244DB4A583}"
EndProject
Project("{FAE04EC0-301F-11D3-BF4B-00C04F79EFBC}") = "Services", "Services\Services.csproj", "{B7676A3E-FE01-4C0E-B2D6-B1AACE135CF2}"
	ProjectSection(ProjectDependencies) = postProject
		{07193CF0-D63B-4458-9AED-82A8964F0BC5} = {07193CF0-D63B-4458-9AED-82A8964F0BC5}
	EndProjectSection
EndProject
Global
	GlobalSection(SolutionConfigurationPlatforms) = preSolution
		Debug|Any CPU = Debug|Any CPU
		Release|Any CPU = Release|Any CPU
	EndGlobalSection
	GlobalSection(ProjectConfigurationPlatforms) = postSolution
		{1FA826B7-E6AC-441E-AEEB-824914CA0D1E}.Debug|Any CPU.ActiveCfg = Debug|Any CPU
		{1FA826B7-E6AC-441E-AEEB-824914CA0D1E}.Debug|Any CPU.Build.0 = Debug|Any CPU
		{1FA826B7-E6AC-441E-AEEB-824914CA0D1E}.Release|Any CPU.ActiveCfg = Release|Any CPU
		{1FA826B7-E6AC-441E-AEEB-824914CA0D1E}.Release|Any CPU.Build.0 = Release|Any CPU
		{07193CF0-D63B-4458-9AED-82A8964F0BC5}.Debug|Any CPU.ActiveCfg = Debug|Any CPU
		{07193CF0-D63B-4458-9AED-82A8964F0BC5}.Debug|Any CPU.Build.0 = Debug|Any CPU
		{07193CF0-D63B-4458-9AED-82A8964F0BC5}.Release|Any CPU.ActiveCfg = Release|Any CPU
		{07193CF0-D63B-4458-9AED-82A8964F0BC5}.Release|Any CPU.Build.0 = Release|Any CPU
		{91ECBA26-15F7-4488-BEA4-A9244DB4A583}.Debug|Any CPU.ActiveCfg = Debug|Any CPU
		{91ECBA26-15F7-4488-BEA4-A9244DB4A583}.Debug|Any CPU.Build.0 = Debug|Any CPU
		{91ECBA26-15F7-4488-BEA4-A9244DB4A583}.Release|Any CPU.ActiveCfg = Release|Any CPU
		{91ECBA26-15F7-4488-BEA4-A9244DB4A583}.Release|Any CPU.Build.0 = Release|Any CPU
		{B7676A3E-FE01-4C0E-B2D6-B1AACE135CF2}.Debug|Any CPU.ActiveCfg = Debug|Any CPU
		{B7676A3E-FE01-4C0E-B2D6-B1AACE135CF2}.Debug|Any CPU.Build.0 = Debug|Any CPU
		{B7676A3E-FE01-4C0E-B2D6-B1AACE135CF2}.Release|Any CPU.ActiveCfg = Release|Any CPU
		{B7676A3E-FE01-4C0E-B2D6-B1AACE135CF2}.Release|Any CPU.Build.0 = Release|Any CPU
	EndGlobalSection
	GlobalSection(SolutionProperties) = preSolution
		HideSolutionNode = FALSE
	EndGlobalSection
EndGlobal
